<?xml version="1.0" encoding="utf-8"?>
<Project ToolsVersion="4.0" xmlns="http://schemas.microsoft.com/developer/msbuild/2003">
  <ItemGroup>
    <Filter Include="Source Files">
      <UniqueIdentifier>{4FC737F1-C7A5-4376-A066-2A32D752A2FF}</UniqueIdentifier>
      <Extensions>cpp;c;cc;cxx;def;odl;idl;hpj;bat;asm;asmx</Extensions>
    </Filter>
    <Filter Include="Header Files">
      <UniqueIdentifier>{93995380-89BD-4b04-88EB-625FBE52EBFB}</UniqueIdentifier>
      <Extensions>h;hh;hpp;hxx;hm;inl;inc;xsd</Extensions>
    </Filter>
    <Filter Include="Resource Files">
      <UniqueIdentifier>{67DA6AB6-F800-4c08-8B7A-83BB121AAD01}</UniqueIdentifier>
      <Extensions>rc;ico;cur;bmp;dlg;rc2;rct;bin;rgs;gif;jpg;jpeg;jpe;resx;tiff;tif;png;wav;mfcribbon-ms</Extensions>
    </Filter>
    <Filter Include="Source Files\src">
      <UniqueIdentifier>{984365cf-9ed9-41dd-bc72-6db5c907d4e1}</UniqueIdentifier>
    </Filter>
    <Filter Include="Header Files\Infrastructure">
      <UniqueIdentifier>{a1abec0d-5769-4806-bc7e-d1eeb1374cce}</UniqueIdentifier>
    </Filter>
    <Filter Include="Source Files\src\Infrastructure">
      <UniqueIdentifier>{ea658bff-48d6-4a37-b481-c6f9be883365}</UniqueIdentifier>
    </Filter>
  </ItemGroup>
  <ItemGroup>
    <Text Include="readme.txt" />
  </ItemGroup>
  <ItemGroup>
    <ClCompile Include="main.c">
      <Filter>Source Files</Filter>
    </ClCompile>
    <ClCompile Include="Powertrain.c">
      <Filter>Source Files\src</Filter>
    </ClCompile>
    <ClCompile Include="PowerTakeOff.c">
      <Filter>Source Files\src</Filter>
    </ClCompile>
    <ClCompile Include="Adc.c">
      <Filter>Source Files\src\Infrastructure</Filter>
    </ClCompile>
    <ClCompile Include="Mcp4xxx.c">
      <Filter>Source Files\src\Infrastructure</Filter>
    </ClCompile>
    <ClCompile Include="Usart.c">
      <Filter>Source Files\src\Infrastructure</Filter>
    </ClCompile>
    <ClCompile Include="Utility.c">
      <Filter>Source Files\src\Infrastructure</Filter>
    </ClCompile>
    <ClCompile Include="uart_e3xample.c">
      <Filter>Header Files</Filter>
    </ClCompile>
  </ItemGroup>
  <ItemGroup>
    <ClInclude Include="Powertrain.h">
      <Filter>Header Files</Filter>
    </ClInclude>
    <ClInclude Include="PowerTakeOff.h">
      <Filter>Header Files</Filter>
    </ClInclude>
    <ClInclude Include="Adc.h">
      <Filter>Header Files\Infrastructure</Filter>
    </ClInclude>
    <ClInclude Include="Mcp4xxx.h">
      <Filter>Header Files\Infrastructure</Filter>
    </ClInclude>
    <ClInclude Include="Usart.h">
      <Filter>Header Files\Infrastructure</Filter>
    </ClInclude>
    <ClInclude Include="Utility.h">
      <Filter>Header Files\Infrastructure</Filter>
    </ClInclude>
    <ClInclude Include="Robot.h">
      <Filter>Header Files</Filter>
    </ClInclude>
    <ClInclude Include="GaboIo.h">
      <Filter>Header Files</Filter>
    </ClInclude>
  </ItemGroup>
  <ItemGroup>
    <None Include="Makefile">
      <Filter>Resource Files</Filter>
    </None>
  </ItemGroup>
</Project>