
Microsoft Visual Studio Solution File, Format Version 12.00
# Visual Studio 15
VisualStudioVersion = 15.0.27130.2010
MinimumVisualStudioVersion = 10.0.40219.1
Project("{8BC9CEB8-8B4A-11D0-8D11-00A0C91BC942}") = "GaboSamplesConsole", "src\GaboSamplesConsole\GaboSamplesConsole.vcxproj", "{44647A53-78DF-43D2-A893-6E74819CB9AC}"
EndProject
Project("{8BC9CEB8-8B4A-11D0-8D11-00A0C91BC942}") = "GaboAvr", "src\GaboAvr\GaboAvr.vcxproj", "{C71466DF-2DAD-4206-8D87-ABDA1EEEDB63}"
EndProject
Project("{8BC9CEB8-8B4A-11D0-8D11-00A0C91BC942}") = "GaboConsole", "src\GaboConsole\GaboConsole.vcxproj", "{0AB061E4-FF95-4F21-8F47-3625B0F3CF5A}"
EndProject
Project("{8BC9CEB8-8B4A-11D0-8D11-00A0C91BC942}") = "AvrMakeFileSample", "src\AvrMakeFileSample\AvrMakeFileSample.vcxproj", "{221ABF3C-1CBE-41A1-89B9-30053895D6D0}"
EndProject
Global
	GlobalSection(SolutionConfigurationPlatforms) = preSolution
		Debug|x64 = Debug|x64
		Debug|x86 = Debug|x86
		Release|x64 = Release|x64
		Release|x86 = Release|x86
	EndGlobalSection
	GlobalSection(ProjectConfigurationPlatforms) = postSolution
		{44647A53-78DF-43D2-A893-6E74819CB9AC}.Debug|x64.ActiveCfg = Debug|x64
		{44647A53-78DF-43D2-A893-6E74819CB9AC}.Debug|x64.Build.0 = Debug|x64
		{44647A53-78DF-43D2-A893-6E74819CB9AC}.Debug|x86.ActiveCfg = Debug|Win32
		{44647A53-78DF-43D2-A893-6E74819CB9AC}.Debug|x86.Build.0 = Debug|Win32
		{44647A53-78DF-43D2-A893-6E74819CB9AC}.Release|x64.ActiveCfg = Release|x64
		{44647A53-78DF-43D2-A893-6E74819CB9AC}.Release|x64.Build.0 = Release|x64
		{44647A53-78DF-43D2-A893-6E74819CB9AC}.Release|x86.ActiveCfg = Release|Win32
		{44647A53-78DF-43D2-A893-6E74819CB9AC}.Release|x86.Build.0 = Release|Win32
		{C71466DF-2DAD-4206-8D87-ABDA1EEEDB63}.Debug|x64.ActiveCfg = Debug|x64
		{C71466DF-2DAD-4206-8D87-ABDA1EEEDB63}.Debug|x64.Build.0 = Debug|x64
		{C71466DF-2DAD-4206-8D87-ABDA1EEEDB63}.Debug|x86.ActiveCfg = Debug|Win32
		{C71466DF-2DAD-4206-8D87-ABDA1EEEDB63}.Debug|x86.Build.0 = Debug|Win32
		{C71466DF-2DAD-4206-8D87-ABDA1EEEDB63}.Release|x64.ActiveCfg = Release|x64
		{C71466DF-2DAD-4206-8D87-ABDA1EEEDB63}.Release|x64.Build.0 = Release|x64
		{C71466DF-2DAD-4206-8D87-ABDA1EEEDB63}.Release|x86.ActiveCfg = Release|Win32
		{C71466DF-2DAD-4206-8D87-ABDA1EEEDB63}.Release|x86.Build.0 = Release|Win32
		{0AB061E4-FF95-4F21-8F47-3625B0F3CF5A}.Debug|x64.ActiveCfg = Debug|x64
		{0AB061E4-FF95-4F21-8F47-3625B0F3CF5A}.Debug|x64.Build.0 = Debug|x64
		{0AB061E4-FF95-4F21-8F47-3625B0F3CF5A}.Debug|x86.ActiveCfg = Debug|Win32
		{0AB061E4-FF95-4F21-8F47-3625B0F3CF5A}.Debug|x86.Build.0 = Debug|Win32
		{0AB061E4-FF95-4F21-8F47-3625B0F3CF5A}.Release|x64.ActiveCfg = Release|x64
		{0AB061E4-FF95-4F21-8F47-3625B0F3CF5A}.Release|x64.Build.0 = Release|x64
		{0AB061E4-FF95-4F21-8F47-3625B0F3CF5A}.Release|x86.ActiveCfg = Release|Win32
		{0AB061E4-FF95-4F21-8F47-3625B0F3CF5A}.Release|x86.Build.0 = Release|Win32
		{221ABF3C-1CBE-41A1-89B9-30053895D6D0}.Debug|x64.ActiveCfg = Debug|x64
		{221ABF3C-1CBE-41A1-89B9-30053895D6D0}.Debug|x64.Build.0 = Debug|x64
		{221ABF3C-1CBE-41A1-89B9-30053895D6D0}.Debug|x86.ActiveCfg = Debug|Win32
		{221ABF3C-1CBE-41A1-89B9-30053895D6D0}.Debug|x86.Build.0 = Debug|Win32
		{221ABF3C-1CBE-41A1-89B9-30053895D6D0}.Release|x64.ActiveCfg = Release|x64
		{221ABF3C-1CBE-41A1-89B9-30053895D6D0}.Release|x64.Build.0 = Release|x64
		{221ABF3C-1CBE-41A1-89B9-30053895D6D0}.Release|x86.ActiveCfg = Release|Win32
		{221ABF3C-1CBE-41A1-89B9-30053895D6D0}.Release|x86.Build.0 = Release|Win32
	EndGlobalSection
	GlobalSection(SolutionProperties) = preSolution
		HideSolutionNode = FALSE
	EndGlobalSection
	GlobalSection(ExtensibilityGlobals) = postSolution
		SolutionGuid = {47757FF0-DCD8-46DC-B6AB-C5DA5B42541C}
	EndGlobalSection
EndGlobal
