
Microsoft Visual Studio Solution File, Format Version 12.00
# Visual Studio 15
VisualStudioVersion = 15.0.26403.7
MinimumVisualStudioVersion = 10.0.40219.1
Project("{8BC9CEB8-8B4A-11D0-8D11-00A0C91BC942}") = "Gabo", "src\Gabo\Gabo.vcxproj", "{14AF6B45-4ED9-457D-A68C-F216B0C978BE}"
EndProject
Project("{8BC9CEB8-8B4A-11D0-8D11-00A0C91BC942}") = "GaboConsole", "src\GaboConsole\GaboConsole.vcxproj", "{A23B1C4E-63D3-4F11-A8A9-D318BDD9C963}"
EndProject
Project("{8BC9CEB8-8B4A-11D0-8D11-00A0C91BC942}") = "GaboTempConsole", "src\GaboTempConsole\GaboTempConsole.vcxproj", "{BCB35D19-FFFA-4850-A7CD-F53781DF7111}"
EndProject
Global
	GlobalSection(SolutionConfigurationPlatforms) = preSolution
		Debug|x64 = Debug|x64
		Debug|x86 = Debug|x86
		Release|x64 = Release|x64
		Release|x86 = Release|x86
	EndGlobalSection
	GlobalSection(ProjectConfigurationPlatforms) = postSolution
		{14AF6B45-4ED9-457D-A68C-F216B0C978BE}.Debug|x64.ActiveCfg = Debug|x64
		{14AF6B45-4ED9-457D-A68C-F216B0C978BE}.Debug|x64.Build.0 = Debug|x64
		{14AF6B45-4ED9-457D-A68C-F216B0C978BE}.Debug|x86.ActiveCfg = Debug|Win32
		{14AF6B45-4ED9-457D-A68C-F216B0C978BE}.Debug|x86.Build.0 = Debug|Win32
		{14AF6B45-4ED9-457D-A68C-F216B0C978BE}.Release|x64.ActiveCfg = Release|x64
		{14AF6B45-4ED9-457D-A68C-F216B0C978BE}.Release|x64.Build.0 = Release|x64
		{14AF6B45-4ED9-457D-A68C-F216B0C978BE}.Release|x86.ActiveCfg = Release|Win32
		{14AF6B45-4ED9-457D-A68C-F216B0C978BE}.Release|x86.Build.0 = Release|Win32
		{A23B1C4E-63D3-4F11-A8A9-D318BDD9C963}.Debug|x64.ActiveCfg = Debug|x64
		{A23B1C4E-63D3-4F11-A8A9-D318BDD9C963}.Debug|x64.Build.0 = Debug|x64
		{A23B1C4E-63D3-4F11-A8A9-D318BDD9C963}.Debug|x86.ActiveCfg = Debug|Win32
		{A23B1C4E-63D3-4F11-A8A9-D318BDD9C963}.Debug|x86.Build.0 = Debug|Win32
		{A23B1C4E-63D3-4F11-A8A9-D318BDD9C963}.Release|x64.ActiveCfg = Release|x64
		{A23B1C4E-63D3-4F11-A8A9-D318BDD9C963}.Release|x64.Build.0 = Release|x64
		{A23B1C4E-63D3-4F11-A8A9-D318BDD9C963}.Release|x86.ActiveCfg = Release|Win32
		{A23B1C4E-63D3-4F11-A8A9-D318BDD9C963}.Release|x86.Build.0 = Release|Win32
		{BCB35D19-FFFA-4850-A7CD-F53781DF7111}.Debug|x64.ActiveCfg = Debug|x64
		{BCB35D19-FFFA-4850-A7CD-F53781DF7111}.Debug|x64.Build.0 = Debug|x64
		{BCB35D19-FFFA-4850-A7CD-F53781DF7111}.Debug|x86.ActiveCfg = Debug|Win32
		{BCB35D19-FFFA-4850-A7CD-F53781DF7111}.Debug|x86.Build.0 = Debug|Win32
		{BCB35D19-FFFA-4850-A7CD-F53781DF7111}.Release|x64.ActiveCfg = Release|x64
		{BCB35D19-FFFA-4850-A7CD-F53781DF7111}.Release|x64.Build.0 = Release|x64
		{BCB35D19-FFFA-4850-A7CD-F53781DF7111}.Release|x86.ActiveCfg = Release|Win32
		{BCB35D19-FFFA-4850-A7CD-F53781DF7111}.Release|x86.Build.0 = Release|Win32
	EndGlobalSection
	GlobalSection(SolutionProperties) = preSolution
		HideSolutionNode = FALSE
	EndGlobalSection
	GlobalSection(ExtensibilityGlobals) = postSolution
		SolutionGuid = {1C7DBDF0-762D-4CDF-ADD1-11AA09CA29BF}
	EndGlobalSection
EndGlobal
